
Microsoft Visual Studio Solution File, Format Version 12.00
# Visual Studio Version 17
VisualStudioVersion = 17.10.34916.146
MinimumVisualStudioVersion = 10.0.40219.1
Project("{9A19103F-16F7-4668-BE54-9A1E7A4F7556}") = "WebApi", "WebApi\WebApi.csproj", "{2C61F202-6A20-4BD9-B74C-6400E2AC0160}"
EndProject
Project("{2150E333-8FDC-42A3-9474-1A3956D46DE8}") = "Solution Items", "Solution Items", "{2B6C4619-26CC-4D15-8C62-185820230AB2}"
	ProjectSection(SolutionItems) = preProject
		.editorconfig = .editorconfig
		Directory.Build.Props = Directory.Build.Props
		README.md = README.md
	EndProjectSection
EndProject
Project("{9A19103F-16F7-4668-BE54-9A1E7A4F7556}") = "Application", "Application\Application.csproj", "{D3074DE5-A717-4B79-A8C6-2B5B3247D4A2}"
EndProject
Project("{9A19103F-16F7-4668-BE54-9A1E7A4F7556}") = "Domain", "Domain\Domain.csproj", "{319EE915-EC46-4342-904B-9FA2D1CEF1CB}"
EndProject
Project("{9A19103F-16F7-4668-BE54-9A1E7A4F7556}") = "Infrastructure", "Infrastructure\Infrastructure.csproj", "{5DF06964-BD97-4F8E-9422-BA41E2A9C5C0}"
EndProject
Project("{9A19103F-16F7-4668-BE54-9A1E7A4F7556}") = "Presentation", "Presentation\Presentation.csproj", "{D94C6BF2-5FBB-4C31-A436-CC0E276198F4}"
EndProject
Global
	GlobalSection(SolutionConfigurationPlatforms) = preSolution
		Debug|Any CPU = Debug|Any CPU
		Release|Any CPU = Release|Any CPU
	EndGlobalSection
	GlobalSection(ProjectConfigurationPlatforms) = postSolution
		{2C61F202-6A20-4BD9-B74C-6400E2AC0160}.Debug|Any CPU.ActiveCfg = Debug|Any CPU
		{2C61F202-6A20-4BD9-B74C-6400E2AC0160}.Debug|Any CPU.Build.0 = Debug|Any CPU
		{2C61F202-6A20-4BD9-B74C-6400E2AC0160}.Release|Any CPU.ActiveCfg = Release|Any CPU
		{2C61F202-6A20-4BD9-B74C-6400E2AC0160}.Release|Any CPU.Build.0 = Release|Any CPU
		{D3074DE5-A717-4B79-A8C6-2B5B3247D4A2}.Debug|Any CPU.ActiveCfg = Debug|Any CPU
		{D3074DE5-A717-4B79-A8C6-2B5B3247D4A2}.Debug|Any CPU.Build.0 = Debug|Any CPU
		{D3074DE5-A717-4B79-A8C6-2B5B3247D4A2}.Release|Any CPU.ActiveCfg = Release|Any CPU
		{D3074DE5-A717-4B79-A8C6-2B5B3247D4A2}.Release|Any CPU.Build.0 = Release|Any CPU
		{319EE915-EC46-4342-904B-9FA2D1CEF1CB}.Debug|Any CPU.ActiveCfg = Debug|Any CPU
		{319EE915-EC46-4342-904B-9FA2D1CEF1CB}.Debug|Any CPU.Build.0 = Debug|Any CPU
		{319EE915-EC46-4342-904B-9FA2D1CEF1CB}.Release|Any CPU.ActiveCfg = Release|Any CPU
		{319EE915-EC46-4342-904B-9FA2D1CEF1CB}.Release|Any CPU.Build.0 = Release|Any CPU
		{5DF06964-BD97-4F8E-9422-BA41E2A9C5C0}.Debug|Any CPU.ActiveCfg = Debug|Any CPU
		{5DF06964-BD97-4F8E-9422-BA41E2A9C5C0}.Debug|Any CPU.Build.0 = Debug|Any CPU
		{5DF06964-BD97-4F8E-9422-BA41E2A9C5C0}.Release|Any CPU.ActiveCfg = Release|Any CPU
		{5DF06964-BD97-4F8E-9422-BA41E2A9C5C0}.Release|Any CPU.Build.0 = Release|Any CPU
		{D94C6BF2-5FBB-4C31-A436-CC0E276198F4}.Debug|Any CPU.ActiveCfg = Debug|Any CPU
		{D94C6BF2-5FBB-4C31-A436-CC0E276198F4}.Debug|Any CPU.Build.0 = Debug|Any CPU
		{D94C6BF2-5FBB-4C31-A436-CC0E276198F4}.Release|Any CPU.ActiveCfg = Release|Any CPU
		{D94C6BF2-5FBB-4C31-A436-CC0E276198F4}.Release|Any CPU.Build.0 = Release|Any CPU
	EndGlobalSection
	GlobalSection(SolutionProperties) = preSolution
		HideSolutionNode = FALSE
	EndGlobalSection
	GlobalSection(ExtensibilityGlobals) = postSolution
		SolutionGuid = {3940811A-BBB0-48C7-A46D-2997A955CC49}
	EndGlobalSection
EndGlobal
