
Microsoft Visual Studio Solution File, Format Version 12.00
# Visual Studio Version 17
VisualStudioVersion = 17.10.34916.146
MinimumVisualStudioVersion = 10.0.40219.1
Project("{FAE04EC0-301F-11D3-BF4B-00C04F79EFBC}") = "Application", "Application\Application.csproj", "{977BA43B-9B38-4493-BDCC-2BE617AD8384}"
EndProject
Project("{FAE04EC0-301F-11D3-BF4B-00C04F79EFBC}") = "Domain", "Domain\Domain.csproj", "{0CB89A7B-5E0C-47D3-AA4F-DAF718E2C16B}"
EndProject
Project("{FAE04EC0-301F-11D3-BF4B-00C04F79EFBC}") = "Infrastructure", "Infrastructure\Infrastructure.csproj", "{3C7E4FDE-3517-464F-B3B4-5EC2E2B29996}"
EndProject
Project("{FAE04EC0-301F-11D3-BF4B-00C04F79EFBC}") = "Presentation", "Presentation\Presentation.csproj", "{A11B2946-F65B-44F1-A868-DE9919D3D1AF}"
EndProject
Project("{FAE04EC0-301F-11D3-BF4B-00C04F79EFBC}") = "WebApi", "WebApi\WebApi.csproj", "{725EE003-E201-43A5-B9FE-510DAAB586C8}"
EndProject
Project("{2150E333-8FDC-42A3-9474-1A3956D46DE8}") = "Solution Items", "Solution Items", "{493888AE-F4C7-45A0-8348-18A76436710D}"
	ProjectSection(SolutionItems) = preProject
		.editorconfig = .editorconfig
		Directory.Build.Props = Directory.Build.Props
		README.md = README.md
	EndProjectSection
EndProject
Global
	GlobalSection(SolutionConfigurationPlatforms) = preSolution
		Debug|Any CPU = Debug|Any CPU
		Release|Any CPU = Release|Any CPU
	EndGlobalSection
	GlobalSection(ProjectConfigurationPlatforms) = postSolution
		{977BA43B-9B38-4493-BDCC-2BE617AD8384}.Debug|Any CPU.ActiveCfg = Debug|Any CPU
		{977BA43B-9B38-4493-BDCC-2BE617AD8384}.Debug|Any CPU.Build.0 = Debug|Any CPU
		{977BA43B-9B38-4493-BDCC-2BE617AD8384}.Release|Any CPU.ActiveCfg = Release|Any CPU
		{977BA43B-9B38-4493-BDCC-2BE617AD8384}.Release|Any CPU.Build.0 = Release|Any CPU
		{0CB89A7B-5E0C-47D3-AA4F-DAF718E2C16B}.Debug|Any CPU.ActiveCfg = Debug|Any CPU
		{0CB89A7B-5E0C-47D3-AA4F-DAF718E2C16B}.Debug|Any CPU.Build.0 = Debug|Any CPU
		{0CB89A7B-5E0C-47D3-AA4F-DAF718E2C16B}.Release|Any CPU.ActiveCfg = Release|Any CPU
		{0CB89A7B-5E0C-47D3-AA4F-DAF718E2C16B}.Release|Any CPU.Build.0 = Release|Any CPU
		{3C7E4FDE-3517-464F-B3B4-5EC2E2B29996}.Debug|Any CPU.ActiveCfg = Debug|Any CPU
		{3C7E4FDE-3517-464F-B3B4-5EC2E2B29996}.Debug|Any CPU.Build.0 = Debug|Any CPU
		{3C7E4FDE-3517-464F-B3B4-5EC2E2B29996}.Release|Any CPU.ActiveCfg = Release|Any CPU
		{3C7E4FDE-3517-464F-B3B4-5EC2E2B29996}.Release|Any CPU.Build.0 = Release|Any CPU
		{A11B2946-F65B-44F1-A868-DE9919D3D1AF}.Debug|Any CPU.ActiveCfg = Debug|Any CPU
		{A11B2946-F65B-44F1-A868-DE9919D3D1AF}.Debug|Any CPU.Build.0 = Debug|Any CPU
		{A11B2946-F65B-44F1-A868-DE9919D3D1AF}.Release|Any CPU.ActiveCfg = Release|Any CPU
		{A11B2946-F65B-44F1-A868-DE9919D3D1AF}.Release|Any CPU.Build.0 = Release|Any CPU
		{725EE003-E201-43A5-B9FE-510DAAB586C8}.Debug|Any CPU.ActiveCfg = Debug|Any CPU
		{725EE003-E201-43A5-B9FE-510DAAB586C8}.Debug|Any CPU.Build.0 = Debug|Any CPU
		{725EE003-E201-43A5-B9FE-510DAAB586C8}.Release|Any CPU.ActiveCfg = Release|Any CPU
		{725EE003-E201-43A5-B9FE-510DAAB586C8}.Release|Any CPU.Build.0 = Release|Any CPU
	EndGlobalSection
	GlobalSection(SolutionProperties) = preSolution
		HideSolutionNode = FALSE
	EndGlobalSection
	GlobalSection(ExtensibilityGlobals) = postSolution
		SolutionGuid = {97245ED3-2087-468C-A865-508AEEF23F95}
	EndGlobalSection
EndGlobal
